github.com/Urethramancer/signor v0.10.2 h1:Re02wGIJMtrpAUS9t9TvMkjx++ST2LtNHBI7+0w6Xvs=
github.com/Urethramancer/signor v0.10.2/go.mod h1:DORKrGOeJ735IqsyRFgGKpE5miMDmMhkK/iQAoaVF4g=
github.com/andybalholm/brotli v1.0.1 h1:KqhlKozYbRtJvsPrrEeXcO+N2l6NYT5A2QAFmSULpEc=
github.com/andybalholm/brotli v1.0.1/go.mod h1:loMXtMfwqflxFJPmdbJO0a3KNoPuLBgiu3qAvBg8x/Y=
